<?xml version="1.0" encoding="utf-8"?>
<Project ToolsVersion="4.0" xmlns="http://schemas.microsoft.com/developer/msbuild/2003">
  <ItemGroup>
    <ClCompile Include="SubmarineCamera.cpp">
      <Filter>Source Files</Filter>
    </ClCompile>
    <ClCompile Include="FlyingCube.cpp">
      <Filter>Source Files</Filter>
    </ClCompile>
    <ClCompile Include="Mesh.cpp">
      <Filter>Source Files</Filter>
    </ClCompile>
    <ClCompile Include="IObject.cpp">
      <Filter>Source Files</Filter>
    </ClCompile>
    <ClCompile Include="Model.cpp">
      <Filter>Source Files</Filter>
    </ClCompile>
    <ClCompile Include="proiectSubmarnG3D.cpp">
      <Filter>Source Files</Filter>
    </ClCompile>
    <ClCompile Include="Shader.cpp">
      <Filter>Source Files</Filter>
    </ClCompile>
    <ClCompile Include="Submarine.cpp">
      <Filter>Source Files</Filter>
    </ClCompile>
    <ClCompile Include="LightsSource.cpp">
      <Filter>Source Files</Filter>
    </ClCompile>
    <ClCompile Include="ICamera.cpp" />
    <ClCompile Include="SideviewCamera.cpp">
      <Filter>Source Files</Filter>
    </ClCompile>
    <ClCompile Include="Water.cpp">
      <Filter>Source Files</Filter>
    </ClCompile>
  </ItemGroup>
  <ItemGroup>
    <ClInclude Include="SubmarineCamera.h">
      <Filter>Header Files</Filter>
    </ClInclude>
    <ClInclude Include="FlyingCube.h">
      <Filter>Header Files</Filter>
    </ClInclude>
    <ClInclude Include="IObject.h">
      <Filter>Header Files</Filter>
    </ClInclude>
    <ClInclude Include="Mesh.h">
      <Filter>Header Files</Filter>
    </ClInclude>
    <ClInclude Include="Model.h">
      <Filter>Header Files</Filter>
    </ClInclude>
    <ClInclude Include="Shader.h">
      <Filter>Header Files</Filter>
    </ClInclude>
    <ClInclude Include="LightSource.h">
      <Filter>Header Files</Filter>
    </ClInclude>
    <ClInclude Include="Submarine.h">
      <Filter>Header Files</Filter>
    </ClInclude>
    <ClInclude Include="Texture.h">
      <Filter>Header Files</Filter>
    </ClInclude>
    <ClInclude Include="Vertex.h">
      <Filter>Header Files</Filter>
    </ClInclude>
    <ClInclude Include="SideviewCamera.h">
      <Filter>Header Files</Filter>
    </ClInclude>
    <ClInclude Include="Water.h">
      <Filter>Header Files</Filter>
    </ClInclude>
    <ClInclude Include="ICamera.h">
      <Filter>Header Files</Filter>
    </ClInclude>
  </ItemGroup>
  <ItemGroup>
    <None Include="packages.config" />
    <None Include="..\Shaders\Lamp.fs">
      <Filter>Shaders</Filter>
    </None>
    <None Include="..\Shaders\Lamp.vs">
      <Filter>Shaders</Filter>
    </None>
    <None Include="..\Shaders\PhongLight.fs">
      <Filter>Shaders</Filter>
    </None>
    <None Include="..\Shaders\PhongLight.vs">
      <Filter>Shaders</Filter>
    </None>
    <None Include="..\Shaders\PhongLightWithTexture.fs">
      <Filter>Shaders</Filter>
    </None>
    <None Include="..\Shaders\PhongLightWithTexture.vs">
      <Filter>Shaders</Filter>
    </None>
    <None Include="..\Shaders\Water.fs">
      <Filter>Shaders</Filter>
    </None>
    <None Include="..\Shaders\Water.vs">
      <Filter>Shaders</Filter>
    </None>
  </ItemGroup>
  <ItemGroup>
    <Filter Include="Source Files">
      <UniqueIdentifier>{8ab111b5-6d53-4f4b-99d9-84816bb40453}</UniqueIdentifier>
    </Filter>
    <Filter Include="Header Files">
      <UniqueIdentifier>{903b44a1-63e0-415a-a0a1-9c84557d7ff2}</UniqueIdentifier>
    </Filter>
    <Filter Include="Shaders">
      <UniqueIdentifier>{7b45d5b8-b224-4520-a468-f749ca7825a9}</UniqueIdentifier>
    </Filter>
  </ItemGroup>
</Project>